
Microsoft Visual Studio Solution File, Format Version 12.00
# Visual Studio 2013
VisualStudioVersion = 12.0.31101.0
MinimumVisualStudioVersion = 10.0.40219.1
Project("{FAE04EC0-301F-11D3-BF4B-00C04F79EFBC}") = "CarShopping", "CarShopping\CarShopping.csproj", "{9D422218-4245-490F-8C8C-625EF4103405}"
EndProject
Project("{FAE04EC0-301F-11D3-BF4B-00C04F79EFBC}") = "RecipeBuilder", "RecipeBuilder\RecipeBuilder.csproj", "{240989F6-DFD0-433C-9B7A-4D4F4DE86447}"
EndProject
Global
	GlobalSection(SolutionConfigurationPlatforms) = preSolution
		Debug|Any CPU = Debug|Any CPU
		Release|Any CPU = Release|Any CPU
	EndGlobalSection
	GlobalSection(ProjectConfigurationPlatforms) = postSolution
		{9D422218-4245-490F-8C8C-625EF4103405}.Debug|Any CPU.ActiveCfg = Debug|Any CPU
		{9D422218-4245-490F-8C8C-625EF4103405}.Debug|Any CPU.Build.0 = Debug|Any CPU
		{9D422218-4245-490F-8C8C-625EF4103405}.Release|Any CPU.ActiveCfg = Release|Any CPU
		{9D422218-4245-490F-8C8C-625EF4103405}.Release|Any CPU.Build.0 = Release|Any CPU
		{240989F6-DFD0-433C-9B7A-4D4F4DE86447}.Debug|Any CPU.ActiveCfg = Debug|Any CPU
		{240989F6-DFD0-433C-9B7A-4D4F4DE86447}.Debug|Any CPU.Build.0 = Debug|Any CPU
		{240989F6-DFD0-433C-9B7A-4D4F4DE86447}.Release|Any CPU.ActiveCfg = Release|Any CPU
		{240989F6-DFD0-433C-9B7A-4D4F4DE86447}.Release|Any CPU.Build.0 = Release|Any CPU
	EndGlobalSection
	GlobalSection(SolutionProperties) = preSolution
		HideSolutionNode = FALSE
	EndGlobalSection
EndGlobal
